
Microsoft Visual Studio Solution File, Format Version 12.00
# Visual Studio Version 17
VisualStudioVersion = 17.7.34202.233
MinimumVisualStudioVersion = 10.0.40219.1
Project("{FAE04EC0-301F-11D3-BF4B-00C04F79EFBC}") = "Server_V_2", "Server_V_2\Server_V_2.csproj", "{800137C9-07CA-4C4B-BAC4-A58FDC82386E}"
EndProject
Global
	GlobalSection(SolutionConfigurationPlatforms) = preSolution
		Debug|Any CPU = Debug|Any CPU
		Release|Any CPU = Release|Any CPU
	EndGlobalSection
	GlobalSection(ProjectConfigurationPlatforms) = postSolution
		{800137C9-07CA-4C4B-BAC4-A58FDC82386E}.Debug|Any CPU.ActiveCfg = Debug|Any CPU
		{800137C9-07CA-4C4B-BAC4-A58FDC82386E}.Debug|Any CPU.Build.0 = Debug|Any CPU
		{800137C9-07CA-4C4B-BAC4-A58FDC82386E}.Release|Any CPU.ActiveCfg = Release|Any CPU
		{800137C9-07CA-4C4B-BAC4-A58FDC82386E}.Release|Any CPU.Build.0 = Release|Any CPU
	EndGlobalSection
	GlobalSection(SolutionProperties) = preSolution
		HideSolutionNode = FALSE
	EndGlobalSection
	GlobalSection(ExtensibilityGlobals) = postSolution
		SolutionGuid = {B65FE424-4639-465E-B832-5B523B806AD3}
	EndGlobalSection
EndGlobal
