
Microsoft Visual Studio Solution File, Format Version 12.00
# Visual Studio Version 17
VisualStudioVersion = 17.8.34511.84
MinimumVisualStudioVersion = 10.0.40219.1
Project("{FAE04EC0-301F-11D3-BF4B-00C04F79EFBC}") = "Admin_C2", "Admin_C2\Admin_C2.csproj", "{D88B07C2-55C3-49BB-B1BD-56AC02EB9307}"
EndProject
Global
	GlobalSection(SolutionConfigurationPlatforms) = preSolution
		Debug|Any CPU = Debug|Any CPU
		Release|Any CPU = Release|Any CPU
	EndGlobalSection
	GlobalSection(ProjectConfigurationPlatforms) = postSolution
		{D88B07C2-55C3-49BB-B1BD-56AC02EB9307}.Debug|Any CPU.ActiveCfg = Debug|Any CPU
		{D88B07C2-55C3-49BB-B1BD-56AC02EB9307}.Debug|Any CPU.Build.0 = Debug|Any CPU
		{D88B07C2-55C3-49BB-B1BD-56AC02EB9307}.Release|Any CPU.ActiveCfg = Release|Any CPU
		{D88B07C2-55C3-49BB-B1BD-56AC02EB9307}.Release|Any CPU.Build.0 = Release|Any CPU
	EndGlobalSection
	GlobalSection(SolutionProperties) = preSolution
		HideSolutionNode = FALSE
	EndGlobalSection
	GlobalSection(ExtensibilityGlobals) = postSolution
		SolutionGuid = {61410F45-DC1B-4C39-8309-E9895AA5E585}
	EndGlobalSection
EndGlobal
